{
  "name": "machine",
  "version": "1.0.0",
  "lockfileVersion": 1,
  "dependencies": {
    "bindings": {
      "version": "1.2.1",
      "resolved": "https://registry.npmjs.org/bindings/-/bindings-1.2.1.tgz",
      "integrity": "sha1-FK1hE4EtLTfXLme0ystLtyZQXxE="
    },
    "dotenv": {
      "version": "4.0.0",
      "resolved": "https://registry.npmjs.org/dotenv/-/dotenv-4.0.0.tgz",
      "integrity": "sha1-hk7xN5rO1Vzm+V3r7NzhefegzR0="
    },
    "epoll": {
      "version": "0.1.22",
      "resolved": "https://registry.npmjs.org/epoll/-/epoll-0.1.22.tgz",
      "integrity": "sha1-GrmmN8/xGiCXDIiLHKIXi2TPUpE="
    },
    "nan": {
      "version": "2.6.2",
      "resolved": "https://registry.npmjs.org/nan/-/nan-2.6.2.tgz",
      "integrity": "sha1-5P805slf37WuzAjeZZb0NgWn20U="
    },
    "onoff": {
      "version": "1.1.5",
      "resolved": "https://registry.npmjs.org/onoff/-/onoff-1.1.5.tgz",
      "integrity": "sha1-tkT9pSe4eJ60ZDwD9YIqqVclCu4="
    }
  }
}
